# THIS IS AN AUTOGENERATED FILE. DO NOT EDIT THIS FILE DIRECTLY.
# yarn lockfile v1


"@noble/ciphers@^0.1.3":
  version "0.1.4"
  resolved "https://registry.yarnpkg.com/@noble/ciphers/-/ciphers-0.1.4.tgz#96327dca147829ed9eee0d96cfdf7c57915765f0"
  integrity sha512-d3ZR8vGSpy3v/nllS+bD/OMN5UZqusWiQqkyj7AwzTnhXFH72pF5oB4Ach6DQ50g5kXxC28LdaYBEpsyv9KOUQ==

"@noble/curves@^1.1.0":
  version "1.1.0"
  resolved "https://registry.yarnpkg.com/@noble/curves/-/curves-1.1.0.tgz#f13fc667c89184bc04cccb9b11e8e7bae27d8c3d"
  integrity sha512-091oBExgENk/kGj3AZmtBDMpxQPDtxQABR2B9lb1JbVTs6ytdzZNwvhxQ4MWasRNEzlbEH8jCWFCwhF/Obj5AA==
  dependencies:
    "@noble/hashes" "1.3.1"

"@noble/hashes@1.3.1", "@noble/hashes@^1.3.1":
  version "1.3.1"
  resolved "https://registry.yarnpkg.com/@noble/hashes/-/hashes-1.3.1.tgz#8831ef002114670c603c458ab8b11328406953a9"
  integrity sha512-EbqwksQwz9xDRGfDST86whPBgM65E0OH/pCgqW0GBVzO22bNE+NuIbeTb714+IfSjU3aRk47EUvXIb5bTsenKA==

"@scure/base@^1.1.1":
  version "1.1.1"
  resolved "https://registry.yarnpkg.com/@scure/base/-/base-1.1.1.tgz#ebb651ee52ff84f420097055f4bf46cfba403938"
  integrity sha512-ZxOhsSyxYwLJj3pLZCefNitxsj093tb2vq90mp2txoYeBqbcjDjqFhyM8eUjq/uFm6zJ+mUuqxlS2FkuSY1MTA==

"@types/prop-types@*":
  version "15.7.5"
  resolved "https://registry.yarnpkg.com/@types/prop-types/-/prop-types-15.7.5.tgz#5f19d2b85a98e9558036f6a3cacc8819420f05cf"
  integrity sha512-JCB8C6SnDoQf0cNycqd/35A7MjcnK+ZTqE7judS6o7utxUCg6imJg3QK2qzHKszlTjcj2cn+NwMB2i96ubpj7w==

"@types/react@^18.2.19":
  version "18.2.19"
  resolved "https://registry.yarnpkg.com/@types/react/-/react-18.2.19.tgz#f77cb2c8307368e624d464a25b9675fa35f95a8b"
  integrity sha512-e2S8wmY1ePfM517PqCG80CcE48Xs5k0pwJzuDZsfE8IZRRBfOMCF+XqnFxu6mWtyivum1MQm4aco+WIt6Coimw==
  dependencies:
    "@types/prop-types" "*"
    "@types/scheduler" "*"
    csstype "^3.0.2"

"@types/scheduler@*":
  version "0.16.3"
  resolved "https://registry.yarnpkg.com/@types/scheduler/-/scheduler-0.16.3.tgz#cef09e3ec9af1d63d2a6cc5b383a737e24e6dcf5"
  integrity sha512-5cJ8CB4yAx7BH1oMvdU0Jh9lrEXyPkar6F9G/ERswkCuvP4KQZfZkSjcMbAICCpQTN4OuZn8tz0HiKv9TGZgrQ==

cojson@^0.0.3:
  version "0.0.3"
  resolved "https://registry.yarnpkg.com/cojson/-/cojson-0.0.3.tgz#6612e3fa27ca691398cba3eac001e4d16661741a"
  integrity sha512-5CzWxLdc7aKOqbBgy21ApFj7SIZxgQChc/rkvqiEtdfobSV2NIJnchpU39FdKLXjv8nxXHjoM5cg+mgJ92pWKA==
  dependencies:
    "@noble/ciphers" "^0.1.3"
    "@noble/curves" "^1.1.0"
    "@noble/hashes" "^1.3.1"
    "@scure/base" "^1.1.1"
    fast-json-stable-stringify "^2.1.0"
    isomorphic-streams "https://github.com/sgwilym/isomorphic-streams.git#aa9394781bfc92f8d7c981be7daf8af4b4cd4fae"

csstype@^3.0.2:
  version "3.1.2"
  resolved "https://registry.yarnpkg.com/csstype/-/csstype-3.1.2.tgz#1d4bf9d572f11c14031f0436e1c10bc1f571f50b"
  integrity sha512-I7K1Uu0MBPzaFKg4nI5Q7Vs2t+3gWWW648spaF+Rg7pI9ds18Ugn+lvg4SHczUdKlHI5LWBXyqfS8+DufyBsgQ==

fast-json-stable-stringify@^2.1.0:
  version "2.1.0"
  resolved "https://registry.yarnpkg.com/fast-json-stable-stringify/-/fast-json-stable-stringify-2.1.0.tgz#874bf69c6f404c2b5d99c481341399fd55892633"
  integrity sha512-lhd/wF+Lk98HZoTCtlVraHtfh5XYijIjalXck7saUtuanSDyLMxnHhSXEDJqHxD7msR8D0uCmqlkwjCV8xvwHw==

"isomorphic-streams@https://github.com/sgwilym/isomorphic-streams.git#aa9394781bfc92f8d7c981be7daf8af4b4cd4fae":
  version "1.0.3"
  resolved "https://github.com/sgwilym/isomorphic-streams.git#aa9394781bfc92f8d7c981be7daf8af4b4cd4fae"

typescript@^5.1.6:
  version "5.1.6"
  resolved "https://registry.yarnpkg.com/typescript/-/typescript-5.1.6.tgz#02f8ac202b6dad2c0dd5e0913745b47a37998274"
  integrity sha512-zaWCozRZ6DLEWAWFrVDz1H6FVXzUSfTy5FUMWsQlU8Ym5JP9eO4xkTIROFCQvhQf61z6O/G6ugw3SgAnvvm+HA==
